# This file is autogenerated, do not edit; changes may be undone by the next 'dep ensure'.


[[projects]]
  branch = "master"
  name = "github.com/agl/ed25519"
  packages = [".","edwards25519"]
  revision = "5312a61534124124185d41f09206b9fef1d88403"

[[projects]]
  branch = "master"
  name = "github.com/btcsuite/btcd"
  packages = ["btcec","chaincfg","chaincfg/chainhash","txscript","wire"]
  revision = "67e573d211ace594f1366b4ce9d39726c4b19bd0"

[[projects]]
  branch = "master"
  name = "github.com/btcsuite/btclog"
  packages = ["."]
  revision = "84c8d2346e9fc8c7b947e243b9c24e6df9fd206a"

[[projects]]
  branch = "master"
  name = "github.com/btcsuite/btcutil"
  packages = [".","base58","bech32","hdkeychain"]
  revision = "ab6388e0c60ae4834a1f57511e20c17b5f78be4b"

[[projects]]
  branch = "master"
  name = "github.com/btcsuite/golangcrypto"
  packages = ["ripemd160"]
  revision = "53f62d9b43e87a6c56975cf862af7edf33a8d0df"

[[projects]]
  name = "github.com/davecgh/go-spew"
  packages = ["spew"]
  revision = "8991bc29aa16c548c550c7ff78260e27b9ab7c73"
  version = "v1.1.1"

[[projects]]
  name = "github.com/ethereum/go-ethereum"
  packages = ["common","common/hexutil","common/math","crypto","crypto/secp256k1","crypto/sha3","rlp"]
  revision = "8bbe72075e4e16442c4e28d999edee12e294329e"
  version = "v1.8.17"

[[projects]]
  branch = "master"
  name = "github.com/gcash/bchd"
  packages = ["bchec","chaincfg","chaincfg/chainhash","txscript","wire"]
  revision = "82eea57eae2824aa25448f8cc973308d55de769a"

[[projects]]
  branch = "master"
  name = "github.com/gcash/bchlog"
  packages = ["."]
  revision = "b4f036f92fa66c88eec458f4531ff14ff87704d6"

[[projects]]
  branch = "master"
  name = "github.com/gcash/bchutil"
  packages = [".","base58","hdkeychain"]
  revision = "d51537ee11a6e6c31ba74f4b4accbc0edaf7a5d4"

[[projects]]
  name = "github.com/pkg/errors"
  packages = ["."]
  revision = "645ef00459ed84a119197bfb8d8205042c6df63d"
  version = "v0.8.0"

[[projects]]
  branch = "master"
  name = "github.com/rubblelabs/ripple"
  packages = ["crypto"]
  revision = "2881d83321683abf79199054788dcb329b9f3106"

[[projects]]
  name = "github.com/tyler-smith/go-bip39"
  packages = [".","wordlists"]
  revision = "dbb3b84ba2ef14e894f5e33d6c6e43641e665738"
  version = "v1.0.0"

[[projects]]
  branch = "master"
  name = "golang.org/x/crypto"
  packages = ["pbkdf2","ripemd160"]
  revision = "4d3f4d9ffa16a13f451c3b2999e9c49e9750bf06"

[solve-meta]
  analyzer-name = "dep"
  analyzer-version = 1
  inputs-digest = "c26322a9f12c5a42591d37904c7fa7ce2103bd4b203c664b1fea351e120c6a19"
  solver-name = "gps-cdcl"
  solver-version = 1
